
Microsoft Visual Studio Solution File, Format Version 12.00
# Visual Studio Version 17
VisualStudioVersion = 17.11.35312.102
MinimumVisualStudioVersion = 10.0.40219.1
Project("{FAE04EC0-301F-11D3-BF4B-00C04F79EFBC}") = "book", "book\book.csproj", "{C97A8BE2-966E-443E-83DC-FF87BBAC4B1A}"
EndProject
Global
	GlobalSection(SolutionConfigurationPlatforms) = preSolution
		Debug|Any CPU = Debug|Any CPU
		Release|Any CPU = Release|Any CPU
	EndGlobalSection
	GlobalSection(ProjectConfigurationPlatforms) = postSolution
		{C97A8BE2-966E-443E-83DC-FF87BBAC4B1A}.Debug|Any CPU.ActiveCfg = Debug|Any CPU
		{C97A8BE2-966E-443E-83DC-FF87BBAC4B1A}.Debug|Any CPU.Build.0 = Debug|Any CPU
		{C97A8BE2-966E-443E-83DC-FF87BBAC4B1A}.Release|Any CPU.ActiveCfg = Release|Any CPU
		{C97A8BE2-966E-443E-83DC-FF87BBAC4B1A}.Release|Any CPU.Build.0 = Release|Any CPU
	EndGlobalSection
	GlobalSection(SolutionProperties) = preSolution
		HideSolutionNode = FALSE
	EndGlobalSection
	GlobalSection(ExtensibilityGlobals) = postSolution
		SolutionGuid = {8919CEEC-F182-4E95-B090-08FF53BA09FF}
	EndGlobalSection
EndGlobal
